
Microsoft Visual Studio Solution File, Format Version 12.00
# Visual Studio 15
VisualStudioVersion = 15.0.28307.1022
MinimumVisualStudioVersion = 10.0.40219.1
Project("{FAE04EC0-301F-11D3-BF4B-00C04F79EFBC}") = "LsFileCompare", "LsFileCompare\LsFileCompare.csproj", "{21909E8E-CB3B-47FC-A588-4FCDC299E465}"
EndProject
Global
	GlobalSection(SolutionConfigurationPlatforms) = preSolution
		Debug|Any CPU = Debug|Any CPU
		Release|Any CPU = Release|Any CPU
	EndGlobalSection
	GlobalSection(ProjectConfigurationPlatforms) = postSolution
		{21909E8E-CB3B-47FC-A588-4FCDC299E465}.Debug|Any CPU.ActiveCfg = Debug|Any CPU
		{21909E8E-CB3B-47FC-A588-4FCDC299E465}.Debug|Any CPU.Build.0 = Debug|Any CPU
		{21909E8E-CB3B-47FC-A588-4FCDC299E465}.Release|Any CPU.ActiveCfg = Release|Any CPU
		{21909E8E-CB3B-47FC-A588-4FCDC299E465}.Release|Any CPU.Build.0 = Release|Any CPU
	EndGlobalSection
	GlobalSection(SolutionProperties) = preSolution
		HideSolutionNode = FALSE
	EndGlobalSection
	GlobalSection(ExtensibilityGlobals) = postSolution
		SolutionGuid = {F550DB0F-201A-4FDD-B2F1-AF5368B1CDF4}
	EndGlobalSection
EndGlobal
